
Microsoft Visual Studio Solution File, Format Version 12.00
# Visual Studio 14
VisualStudioVersion = 14.0.23107.0
MinimumVisualStudioVersion = 10.0.40219.1
Project("{FAE04EC0-301F-11D3-BF4B-00C04F79EFBC}") = "corsair_CUE_dota", "corsair_CUE_dota\corsair_CUE_dota.csproj", "{F02AF236-E70E-4183-A907-132BDBFDAFA0}"
EndProject
Project("{2150E333-8FDC-42A3-9474-1A3956D46DE8}") = "Solution Items", "Solution Items", "{DFF73604-49EE-4E13-96C9-DC4D12D0066E}"
	ProjectSection(SolutionItems) = preProject
		x86\CUESDK_2013.dll = x86\CUESDK_2013.dll
		x64\CUESDK_2013.dll = x64\CUESDK_2013.dll
	EndProjectSection
EndProject
Global
	GlobalSection(SolutionConfigurationPlatforms) = preSolution
		Debug|Any CPU = Debug|Any CPU
		Release|Any CPU = Release|Any CPU
	EndGlobalSection
	GlobalSection(ProjectConfigurationPlatforms) = postSolution
		{F02AF236-E70E-4183-A907-132BDBFDAFA0}.Debug|Any CPU.ActiveCfg = Debug|Any CPU
		{F02AF236-E70E-4183-A907-132BDBFDAFA0}.Debug|Any CPU.Build.0 = Debug|Any CPU
		{F02AF236-E70E-4183-A907-132BDBFDAFA0}.Release|Any CPU.ActiveCfg = Release|Any CPU
		{F02AF236-E70E-4183-A907-132BDBFDAFA0}.Release|Any CPU.Build.0 = Release|Any CPU
	EndGlobalSection
	GlobalSection(SolutionProperties) = preSolution
		HideSolutionNode = FALSE
	EndGlobalSection
EndGlobal
